
Microsoft Visual Studio Solution File, Format Version 12.00
# Visual Studio Version 17
VisualStudioVersion = 17.2.32602.215
MinimumVisualStudioVersion = 10.0.40219.1
Project("{FAE04EC0-301F-11D3-BF4B-00C04F79EFBC}") = "menornumero", "menornumero\menornumero.csproj", "{044C2E1C-33F7-493C-B215-63F29B25E6D5}"
EndProject
Global
	GlobalSection(SolutionConfigurationPlatforms) = preSolution
		Debug|Any CPU = Debug|Any CPU
		Release|Any CPU = Release|Any CPU
	EndGlobalSection
	GlobalSection(ProjectConfigurationPlatforms) = postSolution
		{044C2E1C-33F7-493C-B215-63F29B25E6D5}.Debug|Any CPU.ActiveCfg = Debug|Any CPU
		{044C2E1C-33F7-493C-B215-63F29B25E6D5}.Debug|Any CPU.Build.0 = Debug|Any CPU
		{044C2E1C-33F7-493C-B215-63F29B25E6D5}.Release|Any CPU.ActiveCfg = Release|Any CPU
		{044C2E1C-33F7-493C-B215-63F29B25E6D5}.Release|Any CPU.Build.0 = Release|Any CPU
	EndGlobalSection
	GlobalSection(SolutionProperties) = preSolution
		HideSolutionNode = FALSE
	EndGlobalSection
	GlobalSection(ExtensibilityGlobals) = postSolution
		SolutionGuid = {E8588849-EA40-4B92-AB8A-A87E593E5FE6}
	EndGlobalSection
EndGlobal
